
Microsoft Visual Studio Solution File, Format Version 12.00
# Visual Studio Version 17
VisualStudioVersion = 17.7.34221.43
MinimumVisualStudioVersion = 10.0.40219.1
Project("{FAE04EC0-301F-11D3-BF4B-00C04F79EFBC}") = "SistemaFacturacion", "SistemaFacturacion\SistemaFacturacion.csproj", "{5790FC4E-039D-4466-BBC2-A692A8A2421A}"
EndProject
Project("{FAE04EC0-301F-11D3-BF4B-00C04F79EFBC}") = "Datos", "Datos\Datos.csproj", "{E8E87D23-D686-41A9-8CB7-9045F48637E6}"
EndProject
Project("{FAE04EC0-301F-11D3-BF4B-00C04F79EFBC}") = "Controladores", "Controladores\Controladores.csproj", "{807B9007-B119-4743-B5D1-DD487BC21F3F}"
EndProject
Global
	GlobalSection(SolutionConfigurationPlatforms) = preSolution
		Debug|Any CPU = Debug|Any CPU
		Release|Any CPU = Release|Any CPU
	EndGlobalSection
	GlobalSection(ProjectConfigurationPlatforms) = postSolution
		{5790FC4E-039D-4466-BBC2-A692A8A2421A}.Debug|Any CPU.ActiveCfg = Debug|Any CPU
		{5790FC4E-039D-4466-BBC2-A692A8A2421A}.Debug|Any CPU.Build.0 = Debug|Any CPU
		{5790FC4E-039D-4466-BBC2-A692A8A2421A}.Release|Any CPU.ActiveCfg = Release|Any CPU
		{5790FC4E-039D-4466-BBC2-A692A8A2421A}.Release|Any CPU.Build.0 = Release|Any CPU
		{E8E87D23-D686-41A9-8CB7-9045F48637E6}.Debug|Any CPU.ActiveCfg = Debug|Any CPU
		{E8E87D23-D686-41A9-8CB7-9045F48637E6}.Debug|Any CPU.Build.0 = Debug|Any CPU
		{E8E87D23-D686-41A9-8CB7-9045F48637E6}.Release|Any CPU.ActiveCfg = Release|Any CPU
		{E8E87D23-D686-41A9-8CB7-9045F48637E6}.Release|Any CPU.Build.0 = Release|Any CPU
		{807B9007-B119-4743-B5D1-DD487BC21F3F}.Debug|Any CPU.ActiveCfg = Debug|Any CPU
		{807B9007-B119-4743-B5D1-DD487BC21F3F}.Debug|Any CPU.Build.0 = Debug|Any CPU
		{807B9007-B119-4743-B5D1-DD487BC21F3F}.Release|Any CPU.ActiveCfg = Release|Any CPU
		{807B9007-B119-4743-B5D1-DD487BC21F3F}.Release|Any CPU.Build.0 = Release|Any CPU
	EndGlobalSection
	GlobalSection(SolutionProperties) = preSolution
		HideSolutionNode = FALSE
	EndGlobalSection
	GlobalSection(ExtensibilityGlobals) = postSolution
		SolutionGuid = {3EC4D28B-302A-41AD-AE2B-F6FE7D01CF3B}
	EndGlobalSection
EndGlobal
